Microsoft Visual Studio Solution File, Format Version 12.00
# Visual Studio Version 17
VisualStudioVersion = 17.5.2.0
MinimumVisualStudioVersion = 10.0.40219.1
Project("{FAE04EC0-301F-11D3-BF4B-00C04F79EFBC}") = "ModTest", "ModTest.csproj", "{652AAA87-35CE-5134-B36D-574F2A6C9108}"
EndProject
Global
	GlobalSection(SolutionConfigurationPlatforms) = preSolution
		Debug|Any CPU = Debug|Any CPU
		Release|Any CPU = Release|Any CPU
	EndGlobalSection
	GlobalSection(ProjectConfigurationPlatforms) = postSolution
		{652AAA87-35CE-5134-B36D-574F2A6C9108}.Debug|Any CPU.ActiveCfg = Debug|Any CPU
		{652AAA87-35CE-5134-B36D-574F2A6C9108}.Debug|Any CPU.Build.0 = Debug|Any CPU
		{652AAA87-35CE-5134-B36D-574F2A6C9108}.Release|Any CPU.ActiveCfg = Release|Any CPU
		{652AAA87-35CE-5134-B36D-574F2A6C9108}.Release|Any CPU.Build.0 = Release|Any CPU
	EndGlobalSection
	GlobalSection(SolutionProperties) = preSolution
		HideSolutionNode = FALSE
	EndGlobalSection
	GlobalSection(ExtensibilityGlobals) = postSolution
		SolutionGuid = {02034B0F-8DC4-4E9B-9FB9-A66B2414A66E}
	EndGlobalSection
EndGlobal
